PODS:
  - Flutter (1.0.0)
  - flutter_vision_scanner (0.0.1):
    - Flutter

DEPENDENCIES:
  - Flutter (from `Flutter`)
  - flutter_vision_scanner (from `.symlinks/plugins/flutter_vision_scanner/ios`)

EXTERNAL SOURCES:
  Flutter:
    :path: Flutter
  flutter_vision_scanner:
    :path: ".symlinks/plugins/flutter_vision_scanner/ios"

SPEC CHECKSUMS:
  Flutter: 0e3d915762c693b495b44d77113d4970485de6ec
  flutter_vision_scanner: 2d39d85e6f4d29fe2e93b322fb762c088c63eb7a

PODFILE CHECKSUM: aafe91acc616949ddb318b77800a7f51bffa2a4c

COCOAPODS: 1.9.3
